
Microsoft Visual Studio Solution File, Format Version 12.00
# Visual Studio Version 17
VisualStudioVersion = 17.9.34902.65
MinimumVisualStudioVersion = 10.0.40219.1
Project("{FAE04EC0-301F-11D3-BF4B-00C04F79EFBC}") = "LanguageCenter", "LanguageCenter\LanguageCenter.csproj", "{58917A1B-0161-44FF-BC8E-84CE6FDD334B}"
EndProject
Global
	GlobalSection(SolutionConfigurationPlatforms) = preSolution
		Debug|Any CPU = Debug|Any CPU
		Release|Any CPU = Release|Any CPU
	EndGlobalSection
	GlobalSection(ProjectConfigurationPlatforms) = postSolution
		{58917A1B-0161-44FF-BC8E-84CE6FDD334B}.Debug|Any CPU.ActiveCfg = Debug|Any CPU
		{58917A1B-0161-44FF-BC8E-84CE6FDD334B}.Debug|Any CPU.Build.0 = Debug|Any CPU
		{58917A1B-0161-44FF-BC8E-84CE6FDD334B}.Release|Any CPU.ActiveCfg = Release|Any CPU
		{58917A1B-0161-44FF-BC8E-84CE6FDD334B}.Release|Any CPU.Build.0 = Release|Any CPU
	EndGlobalSection
	GlobalSection(SolutionProperties) = preSolution
		HideSolutionNode = FALSE
	EndGlobalSection
	GlobalSection(ExtensibilityGlobals) = postSolution
		SolutionGuid = {C728676C-BCB6-4154-B25C-6B876936C581}
	EndGlobalSection
EndGlobal
